
Microsoft Visual Studio Solution File, Format Version 12.00
# Visual Studio Version 17
VisualStudioVersion = 17.1.32421.90
MinimumVisualStudioVersion = 10.0.40219.1
Project("{FAE04EC0-301F-11D3-BF4B-00C04F79EFBC}") = "Calculadora AV1", "Calculadora AV1.csproj", "{EE75E20A-AF96-4A23-8596-900EFB921221}"
EndProject
Global
	GlobalSection(SolutionConfigurationPlatforms) = preSolution
		Debug|Any CPU = Debug|Any CPU
		Release|Any CPU = Release|Any CPU
	EndGlobalSection
	GlobalSection(ProjectConfigurationPlatforms) = postSolution
		{EE75E20A-AF96-4A23-8596-900EFB921221}.Debug|Any CPU.ActiveCfg = Debug|Any CPU
		{EE75E20A-AF96-4A23-8596-900EFB921221}.Debug|Any CPU.Build.0 = Debug|Any CPU
		{EE75E20A-AF96-4A23-8596-900EFB921221}.Release|Any CPU.ActiveCfg = Release|Any CPU
		{EE75E20A-AF96-4A23-8596-900EFB921221}.Release|Any CPU.Build.0 = Release|Any CPU
	EndGlobalSection
	GlobalSection(SolutionProperties) = preSolution
		HideSolutionNode = FALSE
	EndGlobalSection
	GlobalSection(ExtensibilityGlobals) = postSolution
		SolutionGuid = {DC938CAD-41E8-4408-BEE2-43B98893C01D}
	EndGlobalSection
EndGlobal
